
Microsoft Visual Studio Solution File, Format Version 12.00
# Visual Studio 15
VisualStudioVersion = 15.0.27703.2000
MinimumVisualStudioVersion = 10.0.40219.1
Project("{FAE04EC0-301F-11D3-BF4B-00C04F79EFBC}") = "PickNick", "PickNick\PickNick.csproj", "{868C2DE9-2395-4F06-803C-691D2DD49BB9}"
EndProject
Project("{FAE04EC0-301F-11D3-BF4B-00C04F79EFBC}") = "DAL", "DAL\DAL.csproj", "{2AD5D7BD-4800-4932-86A7-78669A28D864}"
EndProject
Project("{FAE04EC0-301F-11D3-BF4B-00C04F79EFBC}") = "BLL", "BLL\BLL.csproj", "{DEBEBCBB-0338-4FB1-918B-4323802976DA}"
EndProject
Global
	GlobalSection(SolutionConfigurationPlatforms) = preSolution
		Debug|Any CPU = Debug|Any CPU
		Release|Any CPU = Release|Any CPU
	EndGlobalSection
	GlobalSection(ProjectConfigurationPlatforms) = postSolution
		{868C2DE9-2395-4F06-803C-691D2DD49BB9}.Debug|Any CPU.ActiveCfg = Debug|Any CPU
		{868C2DE9-2395-4F06-803C-691D2DD49BB9}.Debug|Any CPU.Build.0 = Debug|Any CPU
		{868C2DE9-2395-4F06-803C-691D2DD49BB9}.Release|Any CPU.ActiveCfg = Release|Any CPU
		{868C2DE9-2395-4F06-803C-691D2DD49BB9}.Release|Any CPU.Build.0 = Release|Any CPU
		{2AD5D7BD-4800-4932-86A7-78669A28D864}.Debug|Any CPU.ActiveCfg = Debug|Any CPU
		{2AD5D7BD-4800-4932-86A7-78669A28D864}.Debug|Any CPU.Build.0 = Debug|Any CPU
		{2AD5D7BD-4800-4932-86A7-78669A28D864}.Release|Any CPU.ActiveCfg = Release|Any CPU
		{2AD5D7BD-4800-4932-86A7-78669A28D864}.Release|Any CPU.Build.0 = Release|Any CPU
		{DEBEBCBB-0338-4FB1-918B-4323802976DA}.Debug|Any CPU.ActiveCfg = Debug|Any CPU
		{DEBEBCBB-0338-4FB1-918B-4323802976DA}.Debug|Any CPU.Build.0 = Debug|Any CPU
		{DEBEBCBB-0338-4FB1-918B-4323802976DA}.Release|Any CPU.ActiveCfg = Release|Any CPU
		{DEBEBCBB-0338-4FB1-918B-4323802976DA}.Release|Any CPU.Build.0 = Release|Any CPU
	EndGlobalSection
	GlobalSection(SolutionProperties) = preSolution
		HideSolutionNode = FALSE
	EndGlobalSection
	GlobalSection(ExtensibilityGlobals) = postSolution
		SolutionGuid = {60B7AFCE-567E-4E42-AC57-705040E0EAE1}
	EndGlobalSection
EndGlobal
